<?xml version="1.0" encoding="utf-8"?>
<Project ToolsVersion="4.0" xmlns="http://schemas.microsoft.com/developer/msbuild/2003">
  <ItemGroup>
    <ClInclude Include="ObjectPool.h">
      <Filter>Utility</Filter>
    </ClInclude>
    <ClInclude Include="WorkThread.h">
      <Filter>Thread</Filter>
    </ClInclude>
    <ClInclude Include="Parser.h">
      <Filter>Parser</Filter>
    </ClInclude>
    <ClInclude Include="ServerApp.h">
      <Filter>Engine</Filter>
    </ClInclude>
    <ClInclude Include="ServerEngine.h">
      <Filter>Engine</Filter>
    </ClInclude>
    <ClInclude Include="CommandQueue.h">
      <Filter>Command</Filter>
    </ClInclude>
    <ClInclude Include="Command.h">
      <Filter>Command</Filter>
    </ClInclude>
    <ClInclude Include="NetworkThread.h">
      <Filter>Thread</Filter>
    </ClInclude>
    <ClInclude Include="Packet.h">
      <Filter>Network</Filter>
    </ClInclude>
    <ClInclude Include="IThread.h">
      <Filter>Thread</Filter>
    </ClInclude>
    <ClInclude Include="ObjectQueue.h">
      <Filter>Utility</Filter>
    </ClInclude>
  </ItemGroup>
  <ItemGroup>
    <ClCompile Include="WorkThread.cpp">
      <Filter>Thread</Filter>
    </ClCompile>
    <ClCompile Include="ServerEngine.cpp">
      <Filter>Engine</Filter>
    </ClCompile>
    <ClCompile Include="CommandQueue.cpp">
      <Filter>Command</Filter>
    </ClCompile>
    <ClCompile Include="NetworkThread.cpp">
      <Filter>Thread</Filter>
    </ClCompile>
    <ClCompile Include="IThread.cpp">
      <Filter>Thread</Filter>
    </ClCompile>
  </ItemGroup>
  <ItemGroup>
    <Filter Include="Thread">
      <UniqueIdentifier>{be08dde8-2c4d-4a03-bf69-483945fece92}</UniqueIdentifier>
    </Filter>
    <Filter Include="Utility">
      <UniqueIdentifier>{493e19cf-06d4-42d9-90d2-2380d311ac60}</UniqueIdentifier>
    </Filter>
    <Filter Include="Parser">
      <UniqueIdentifier>{c82be332-a539-4c4c-836e-67a6e46afa60}</UniqueIdentifier>
    </Filter>
    <Filter Include="Engine">
      <UniqueIdentifier>{13ebb06c-037c-4324-93e6-e6179cec40e7}</UniqueIdentifier>
    </Filter>
    <Filter Include="Command">
      <UniqueIdentifier>{e3fc1b92-0c29-4ff6-86ab-4d5a5d2794ab}</UniqueIdentifier>
    </Filter>
    <Filter Include="Network">
      <UniqueIdentifier>{1b91a7a3-c339-4276-9408-4a31c4421878}</UniqueIdentifier>
    </Filter>
  </ItemGroup>
</Project>